
Microsoft Visual Studio Solution File, Format Version 12.00
# Visual Studio Version 17
VisualStudioVersion = 17.0.31903.59
MinimumVisualStudioVersion = 10.0.40219.1
Project("{FAE04EC0-301F-11D3-BF4B-00C04F79EFBC}") = "auth", "auth\auth.csproj", "{C65BBBAC-E5AE-4C8C-B423-12A6CC721F2C}"
EndProject
Project("{FAE04EC0-301F-11D3-BF4B-00C04F79EFBC}") = "billing", "billing\billing.csproj", "{7EE48615-4CDD-4AD7-9F8C-6A0295BD68B2}"
EndProject
Project("{FAE04EC0-301F-11D3-BF4B-00C04F79EFBC}") = "common", "common\common.csproj", "{4E8AD2A2-91C7-4E3C-963C-032ABDBF0F50}"
EndProject
Project("{2150E333-8FDC-42A3-9474-1A3956D46DE8}") = "common", "common", "{B2281C8C-AE08-41BA-ACB0-4213D2A01E87}"
EndProject
Project("{FAE04EC0-301F-11D3-BF4B-00C04F79EFBC}") = "abstractions", "common\abstractions\abstractions.csproj", "{BE49FEB0-54FD-4D4A-BE66-645B70810BAC}"
EndProject
Project("{FAE04EC0-301F-11D3-BF4B-00C04F79EFBC}") = "exceptions", "common\exceptions\exceptions.csproj", "{A99F8A7E-2998-473B-AC2D-DEA7D3A247E3}"
EndProject
Project("{FAE04EC0-301F-11D3-BF4B-00C04F79EFBC}") = "extensions", "common\extensions\extensions.csproj", "{B9149954-34D8-43B4-AB60-80C158343095}"
EndProject
Project("{FAE04EC0-301F-11D3-BF4B-00C04F79EFBC}") = "messaging", "common\messaging\messaging.csproj", "{56D2C95A-11ED-4A17-8DFA-F304AE218387}"
EndProject
Project("{FAE04EC0-301F-11D3-BF4B-00C04F79EFBC}") = "security", "common\security\security.csproj", "{9E610DEE-D0F5-4340-B2F2-E40A923B0F88}"
EndProject
Project("{FAE04EC0-301F-11D3-BF4B-00C04F79EFBC}") = "wrappers", "common\wrappers\wrappers.csproj", "{D2508B08-F2A1-4954-8820-EC8DC2C78B16}"
EndProject
Project("{FAE04EC0-301F-11D3-BF4B-00C04F79EFBC}") = "cronjob", "cronjob\cronjob.csproj", "{D91E8E4F-E07E-4C6A-BB62-B0CBBE022777}"
EndProject
Project("{FAE04EC0-301F-11D3-BF4B-00C04F79EFBC}") = "gateway", "gateway\gateway.csproj", "{C8DAE817-60C3-4645-BE82-FD8B8DF062C5}"
EndProject
Project("{FAE04EC0-301F-11D3-BF4B-00C04F79EFBC}") = "ingestion", "ingestion\ingestion.csproj", "{EB6A51C4-B755-47C7-BD08-CA02902BF576}"
EndProject
Project("{FAE04EC0-301F-11D3-BF4B-00C04F79EFBC}") = "notification", "notification\notification.csproj", "{0825B273-D278-40D0-8ED3-3944A98EE472}"
EndProject
Project("{FAE04EC0-301F-11D3-BF4B-00C04F79EFBC}") = "rag-query", "rag-query\rag-query.csproj", "{CE3EA467-8C57-4768-BC94-61220688F304}"
EndProject
Project("{FAE04EC0-301F-11D3-BF4B-00C04F79EFBC}") = "read", "read\read.csproj", "{477D9BE8-12E6-428B-BA42-0FBDE8E8BF63}"
EndProject
Project("{FAE04EC0-301F-11D3-BF4B-00C04F79EFBC}") = "workflow", "workflow\workflow.csproj", "{326C88F2-9F1B-47DC-A8EB-E93D4EA53DD9}"
EndProject
Global
	GlobalSection(SolutionConfigurationPlatforms) = preSolution
		Debug|Any CPU = Debug|Any CPU
		Release|Any CPU = Release|Any CPU
	EndGlobalSection
	GlobalSection(SolutionProperties) = preSolution
		HideSolutionNode = FALSE
	EndGlobalSection
	GlobalSection(ProjectConfigurationPlatforms) = postSolution
		{C65BBBAC-E5AE-4C8C-B423-12A6CC721F2C}.Debug|Any CPU.ActiveCfg = Debug|Any CPU
		{C65BBBAC-E5AE-4C8C-B423-12A6CC721F2C}.Debug|Any CPU.Build.0 = Debug|Any CPU
		{C65BBBAC-E5AE-4C8C-B423-12A6CC721F2C}.Release|Any CPU.ActiveCfg = Release|Any CPU
		{C65BBBAC-E5AE-4C8C-B423-12A6CC721F2C}.Release|Any CPU.Build.0 = Release|Any CPU
		{7EE48615-4CDD-4AD7-9F8C-6A0295BD68B2}.Debug|Any CPU.ActiveCfg = Debug|Any CPU
		{7EE48615-4CDD-4AD7-9F8C-6A0295BD68B2}.Debug|Any CPU.Build.0 = Debug|Any CPU
		{7EE48615-4CDD-4AD7-9F8C-6A0295BD68B2}.Release|Any CPU.ActiveCfg = Release|Any CPU
		{7EE48615-4CDD-4AD7-9F8C-6A0295BD68B2}.Release|Any CPU.Build.0 = Release|Any CPU
		{4E8AD2A2-91C7-4E3C-963C-032ABDBF0F50}.Debug|Any CPU.ActiveCfg = Debug|Any CPU
		{4E8AD2A2-91C7-4E3C-963C-032ABDBF0F50}.Debug|Any CPU.Build.0 = Debug|Any CPU
		{4E8AD2A2-91C7-4E3C-963C-032ABDBF0F50}.Release|Any CPU.ActiveCfg = Release|Any CPU
		{4E8AD2A2-91C7-4E3C-963C-032ABDBF0F50}.Release|Any CPU.Build.0 = Release|Any CPU
		{BE49FEB0-54FD-4D4A-BE66-645B70810BAC}.Debug|Any CPU.ActiveCfg = Debug|Any CPU
		{BE49FEB0-54FD-4D4A-BE66-645B70810BAC}.Debug|Any CPU.Build.0 = Debug|Any CPU
		{BE49FEB0-54FD-4D4A-BE66-645B70810BAC}.Release|Any CPU.ActiveCfg = Release|Any CPU
		{BE49FEB0-54FD-4D4A-BE66-645B70810BAC}.Release|Any CPU.Build.0 = Release|Any CPU
		{A99F8A7E-2998-473B-AC2D-DEA7D3A247E3}.Debug|Any CPU.ActiveCfg = Debug|Any CPU
		{A99F8A7E-2998-473B-AC2D-DEA7D3A247E3}.Debug|Any CPU.Build.0 = Debug|Any CPU
		{A99F8A7E-2998-473B-AC2D-DEA7D3A247E3}.Release|Any CPU.ActiveCfg = Release|Any CPU
		{A99F8A7E-2998-473B-AC2D-DEA7D3A247E3}.Release|Any CPU.Build.0 = Release|Any CPU
		{B9149954-34D8-43B4-AB60-80C158343095}.Debug|Any CPU.ActiveCfg = Debug|Any CPU
		{B9149954-34D8-43B4-AB60-80C158343095}.Debug|Any CPU.Build.0 = Debug|Any CPU
		{B9149954-34D8-43B4-AB60-80C158343095}.Release|Any CPU.ActiveCfg = Release|Any CPU
		{B9149954-34D8-43B4-AB60-80C158343095}.Release|Any CPU.Build.0 = Release|Any CPU
		{56D2C95A-11ED-4A17-8DFA-F304AE218387}.Debug|Any CPU.ActiveCfg = Debug|Any CPU
		{56D2C95A-11ED-4A17-8DFA-F304AE218387}.Debug|Any CPU.Build.0 = Debug|Any CPU
		{56D2C95A-11ED-4A17-8DFA-F304AE218387}.Release|Any CPU.ActiveCfg = Release|Any CPU
		{56D2C95A-11ED-4A17-8DFA-F304AE218387}.Release|Any CPU.Build.0 = Release|Any CPU
		{9E610DEE-D0F5-4340-B2F2-E40A923B0F88}.Debug|Any CPU.ActiveCfg = Debug|Any CPU
		{9E610DEE-D0F5-4340-B2F2-E40A923B0F88}.Debug|Any CPU.Build.0 = Debug|Any CPU
		{9E610DEE-D0F5-4340-B2F2-E40A923B0F88}.Release|Any CPU.ActiveCfg = Release|Any CPU
		{9E610DEE-D0F5-4340-B2F2-E40A923B0F88}.Release|Any CPU.Build.0 = Release|Any CPU
		{D2508B08-F2A1-4954-8820-EC8DC2C78B16}.Debug|Any CPU.ActiveCfg = Debug|Any CPU
		{D2508B08-F2A1-4954-8820-EC8DC2C78B16}.Debug|Any CPU.Build.0 = Debug|Any CPU
		{D2508B08-F2A1-4954-8820-EC8DC2C78B16}.Release|Any CPU.ActiveCfg = Release|Any CPU
		{D2508B08-F2A1-4954-8820-EC8DC2C78B16}.Release|Any CPU.Build.0 = Release|Any CPU
		{D91E8E4F-E07E-4C6A-BB62-B0CBBE022777}.Debug|Any CPU.ActiveCfg = Debug|Any CPU
		{D91E8E4F-E07E-4C6A-BB62-B0CBBE022777}.Debug|Any CPU.Build.0 = Debug|Any CPU
		{D91E8E4F-E07E-4C6A-BB62-B0CBBE022777}.Release|Any CPU.ActiveCfg = Release|Any CPU
		{D91E8E4F-E07E-4C6A-BB62-B0CBBE022777}.Release|Any CPU.Build.0 = Release|Any CPU
		{C8DAE817-60C3-4645-BE82-FD8B8DF062C5}.Debug|Any CPU.ActiveCfg = Debug|Any CPU
		{C8DAE817-60C3-4645-BE82-FD8B8DF062C5}.Debug|Any CPU.Build.0 = Debug|Any CPU
		{C8DAE817-60C3-4645-BE82-FD8B8DF062C5}.Release|Any CPU.ActiveCfg = Release|Any CPU
		{C8DAE817-60C3-4645-BE82-FD8B8DF062C5}.Release|Any CPU.Build.0 = Release|Any CPU
		{EB6A51C4-B755-47C7-BD08-CA02902BF576}.Debug|Any CPU.ActiveCfg = Debug|Any CPU
		{EB6A51C4-B755-47C7-BD08-CA02902BF576}.Debug|Any CPU.Build.0 = Debug|Any CPU
		{EB6A51C4-B755-47C7-BD08-CA02902BF576}.Release|Any CPU.ActiveCfg = Release|Any CPU
		{EB6A51C4-B755-47C7-BD08-CA02902BF576}.Release|Any CPU.Build.0 = Release|Any CPU
		{0825B273-D278-40D0-8ED3-3944A98EE472}.Debug|Any CPU.ActiveCfg = Debug|Any CPU
		{0825B273-D278-40D0-8ED3-3944A98EE472}.Debug|Any CPU.Build.0 = Debug|Any CPU
		{0825B273-D278-40D0-8ED3-3944A98EE472}.Release|Any CPU.ActiveCfg = Release|Any CPU
		{0825B273-D278-40D0-8ED3-3944A98EE472}.Release|Any CPU.Build.0 = Release|Any CPU
		{CE3EA467-8C57-4768-BC94-61220688F304}.Debug|Any CPU.ActiveCfg = Debug|Any CPU
		{CE3EA467-8C57-4768-BC94-61220688F304}.Debug|Any CPU.Build.0 = Debug|Any CPU
		{CE3EA467-8C57-4768-BC94-61220688F304}.Release|Any CPU.ActiveCfg = Release|Any CPU
		{CE3EA467-8C57-4768-BC94-61220688F304}.Release|Any CPU.Build.0 = Release|Any CPU
		{477D9BE8-12E6-428B-BA42-0FBDE8E8BF63}.Debug|Any CPU.ActiveCfg = Debug|Any CPU
		{477D9BE8-12E6-428B-BA42-0FBDE8E8BF63}.Debug|Any CPU.Build.0 = Debug|Any CPU
		{477D9BE8-12E6-428B-BA42-0FBDE8E8BF63}.Release|Any CPU.ActiveCfg = Release|Any CPU
		{477D9BE8-12E6-428B-BA42-0FBDE8E8BF63}.Release|Any CPU.Build.0 = Release|Any CPU
		{326C88F2-9F1B-47DC-A8EB-E93D4EA53DD9}.Debug|Any CPU.ActiveCfg = Debug|Any CPU
		{326C88F2-9F1B-47DC-A8EB-E93D4EA53DD9}.Debug|Any CPU.Build.0 = Debug|Any CPU
		{326C88F2-9F1B-47DC-A8EB-E93D4EA53DD9}.Release|Any CPU.ActiveCfg = Release|Any CPU
		{326C88F2-9F1B-47DC-A8EB-E93D4EA53DD9}.Release|Any CPU.Build.0 = Release|Any CPU
	EndGlobalSection
	GlobalSection(NestedProjects) = preSolution
		{4E8AD2A2-91C7-4E3C-963C-032ABDBF0F50} = {B2281C8C-AE08-41BA-ACB0-4213D2A01E87}
		{BE49FEB0-54FD-4D4A-BE66-645B70810BAC} = {B2281C8C-AE08-41BA-ACB0-4213D2A01E87}
		{A99F8A7E-2998-473B-AC2D-DEA7D3A247E3} = {B2281C8C-AE08-41BA-ACB0-4213D2A01E87}
		{B9149954-34D8-43B4-AB60-80C158343095} = {B2281C8C-AE08-41BA-ACB0-4213D2A01E87}
		{56D2C95A-11ED-4A17-8DFA-F304AE218387} = {B2281C8C-AE08-41BA-ACB0-4213D2A01E87}
		{9E610DEE-D0F5-4340-B2F2-E40A923B0F88} = {B2281C8C-AE08-41BA-ACB0-4213D2A01E87}
		{D2508B08-F2A1-4954-8820-EC8DC2C78B16} = {B2281C8C-AE08-41BA-ACB0-4213D2A01E87}
	EndGlobalSection
EndGlobal
